{
  "object": {
    "pins": [
      {
        "package": "CAlsa",
        "repositoryURL": "https://github.com/FelixNievelstein/AlsaModulePackage.git",
        "state": {
          "branch": null,
          "revision": "df160236a3c1c5aefbeb78cb15a71e1aca8152d3",
          "version": "0.2.0"
        }
      },
      {
        "package": "SwiftPM",
        "repositoryURL": "https://github.com/apple/swift-package-manager.git",
        "state": {
          "branch": null,
          "revision": "6983434787dec4e543e9d398a0a9acf63ccd4da1",
          "version": "0.2.1"
        }
      }
    ]
  },
  "version": 1
}
